
Microsoft Visual Studio Solution File, Format Version 12.00
# Visual Studio Version 17
VisualStudioVersion = 17.11.35327.3
MinimumVisualStudioVersion = 10.0.40219.1
Project("{FAE04EC0-301F-11D3-BF4B-00C04F79EFBC}") = "AvaloniaApplication2", "AvaloniaApplication2\AvaloniaApplication2.csproj", "{A35CE40B-FE95-4C08-AC5C-1F81E05CFADF}"
EndProject
Global
	GlobalSection(SolutionConfigurationPlatforms) = preSolution
		Debug|Any CPU = Debug|Any CPU
		Release|Any CPU = Release|Any CPU
	EndGlobalSection
	GlobalSection(ProjectConfigurationPlatforms) = postSolution
		{A35CE40B-FE95-4C08-AC5C-1F81E05CFADF}.Debug|Any CPU.ActiveCfg = Debug|Any CPU
		{A35CE40B-FE95-4C08-AC5C-1F81E05CFADF}.Debug|Any CPU.Build.0 = Debug|Any CPU
		{A35CE40B-FE95-4C08-AC5C-1F81E05CFADF}.Release|Any CPU.ActiveCfg = Release|Any CPU
		{A35CE40B-FE95-4C08-AC5C-1F81E05CFADF}.Release|Any CPU.Build.0 = Release|Any CPU
	EndGlobalSection
	GlobalSection(SolutionProperties) = preSolution
		HideSolutionNode = FALSE
	EndGlobalSection
	GlobalSection(ExtensibilityGlobals) = postSolution
		SolutionGuid = {1A8E58BE-9D9D-4BB8-9D4D-012F5D1A4E6D}
	EndGlobalSection
EndGlobal
